// !$*UTF8*$!
{
	archiveVersion = 1;
	classes = {
	};
	objectVersion = 46;
	objects = {

/* Begin PBXBuildFile section */
		355ADD7A1D923B9E000CA259 /* AppDelegate.swift in Sources */ = {isa = PBXBuildFile; fileRef = 355ADD791D923B9E000CA259 /* AppDelegate.swift */; };
		355ADD7C1D923B9E000CA259 /* ViewController.swift in Sources */ = {isa = PBXBuildFile; fileRef = 355ADD7B1D923B9E000CA259 /* ViewController.swift */; };
		355ADD7F1D923B9E000CA259 /* Main.storyboard in Resources */ = {isa = PBXBuildFile; fileRef = 355ADD7D1D923B9E000CA259 /* Main.storyboard */; };
		355ADD811D923B9E000CA259 /* Assets.xcassets in Resources */ = {isa = PBXBuildFile; fileRef = 355ADD801D923B9E000CA259 /* Assets.xcassets */; };
		355ADD841D923B9E000CA259 /* LaunchScreen.storyboard in Resources */ = {isa = PBXBuildFile; fileRef = 355ADD821D923B9E000CA259 /* LaunchScreen.storyboard */; };
		355ADD8D1D923C14000CA259 /* TimeCountDownManager.swift in Sources */ = {isa = PBXBuildFile; fileRef = 355ADD8B1D923C14000CA259 /* TimeCountDownManager.swift */; };
		355ADD901D924342000CA259 /* TestViewController.swift in Sources */ = {isa = PBXBuildFile; fileRef = 355ADD8F1D924342000CA259 /* TestViewController.swift */; };
/* End PBXBuildFile section */

/* Begin PBXFileReference section */
		355ADD761D923B9E000CA259 /* TImeCountingDown.app */ = {isa = PBXFileReference; explicitFileType = wrapper.application; includeInIndex = 0; path = TImeCountingDown.app; sourceTree = BUILT_PRODUCTS_DIR; };
		355ADD791D923B9E000CA259 /* AppDelegate.swift */ = {isa = PBXFileReference; lastKnownFileType = sourcecode.swift; path = AppDelegate.swift; sourceTree = "<group>"; };
		355ADD7B1D923B9E000CA259 /* ViewController.swift */ = {isa = PBXFileReference; lastKnownFileType = sourcecode.swift; path = ViewController.swift; sourceTree = "<group>"; };
		355ADD7E1D923B9E000CA259 /* Base */ = {isa = PBXFileReference; lastKnownFileType = file.storyboard; name = Base; path = Base.lproj/Main.storyboard; sourceTree = "<group>"; };
		355ADD801D923B9E000CA259 /* Assets.xcassets */ = {isa = PBXFileReference; lastKnownFileType = folder.assetcatalog; path = Assets.xcassets; sourceTree = "<group>"; };
		355ADD831D923B9E000CA259 /* Base */ = {isa = PBXFileReference; lastKnownFileType = file.storyboard; name = Base; path = Base.lproj/LaunchScreen.storyboard; sourceTree = "<group>"; };
		355ADD851D923B9E000CA259 /* Info.plist */ = {isa = PBXFileReference; lastKnownFileType = text.plist.xml; path = Info.plist; sourceTree = "<group>"; };
		355ADD8B1D923C14000CA259 /* TimeCountDownManager.swift */ = {isa = PBXFileReference; fileEncoding = 4; lastKnownFileType = sourcecode.swift; path = TimeCountDownManager.swift; sourceTree = "<group>"; };
		355ADD8F1D924342000CA259 /* TestViewController.swift */ = {isa = PBXFileReference; fileEncoding = 4; lastKnownFileType = sourcecode.swift; path = TestViewController.swift; sourceTree = "<group>"; };
/* End PBXFileReference section */

/* Begin PBXFrameworksBuildPhase section */
		355ADD731D923B9E000CA259 /* Frameworks */ = {
			isa = PBXFrameworksBuildPhase;
			buildActionMask = 2147483647;
			files = (
			);
			runOnlyForDeploymentPostprocessing = 0;
		};
/* End PBXFrameworksBuildPhase section */

/* Begin PBXGroup section */
		355ADD6D1D923B9E000CA259 = {
			isa = PBXGroup;
			children = (
				355ADD781D923B9E000CA259 /* TImeCountingDown */,
				355ADD771D923B9E000CA259 /* Products */,
			);
			sourceTree = "<group>";
		};
		355ADD771D923B9E000CA259 /* Products */ = {
			isa = PBXGroup;
			children = (
				355ADD761D923B9E000CA259 /* TImeCountingDown.app */,
			);
			name = Products;
			sourceTree = "<group>";
		};
		355ADD781D923B9E000CA259 /* TImeCountingDown */ = {
			isa = PBXGroup;
			children = (
				355ADD791D923B9E000CA259 /* AppDelegate.swift */,
				355ADD7B1D923B9E000CA259 /* ViewController.swift */,
				355ADD8F1D924342000CA259 /* TestViewController.swift */,
				355ADD8B1D923C14000CA259 /* TimeCountDownManager.swift */,
				355ADD7D1D923B9E000CA259 /* Main.storyboard */,
				355ADD801D923B9E000CA259 /* Assets.xcassets */,
				355ADD821D923B9E000CA259 /* LaunchScreen.storyboard */,
				355ADD851D923B9E000CA259 /* Info.plist */,
			);
			path = TImeCountingDown;
			sourceTree = "<group>";
		};
/* End PBXGroup section */

/* Begin PBXNativeTarget section */
		355ADD751D923B9E000CA259 /* TImeCountingDown */ = {
			isa = PBXNativeTarget;
			buildConfigurationList = 355ADD881D923B9E000CA259 /* Build configuration list for PBXNativeTarget "TImeCountingDown" */;
			buildPhases = (
				355ADD721D923B9E000CA259 /* Sources */,
				355ADD731D923B9E000CA259 /* Frameworks */,
				355ADD741D923B9E000CA259 /* Resources */,
			);
			buildRules = (
			);
			dependencies = (
			);
			name = TImeCountingDown;
			productName = TImeCountingDown;
			productReference = 355ADD761D923B9E000CA259 /* TImeCountingDown.app */;
			productType = "com.apple.product-type.application";
		};
/* End PBXNativeTarget section */

/* Begin PBXProject section */
		355ADD6E1D923B9E000CA259 /* Project object */ = {
			isa = PBXProject;
			attributes = {
				LastSwiftUpdateCheck = 0730;
				LastUpgradeCheck = 0730;
				ORGANIZATIONNAME = Romance;
				TargetAttributes = {
					355ADD751D923B9E000CA259 = {
						CreatedOnToolsVersion = 7.3.1;
						DevelopmentTeam = 5CC4VW7238;
					};
				};
			};
			buildConfigurationList = 355ADD711D923B9E000CA259 /* Build configuration list for PBXProject "TImeCountingDown" */;
			compatibilityVersion = "Xcode 3.2";
			developmentRegion = English;
			hasScannedForEncodings = 0;
			knownRegions = (
				en,
				Base,
			);
			mainGroup = 355ADD6D1D923B9E000CA259;
			productRefGroup = 355ADD771D923B9E000CA259 /* Products */;
			projectDirPath = "";
			projectRoot = "";
			targets = (
				355ADD751D923B9E000CA259 /* TImeCountingDown */,
			);
		};
/* End PBXProject section */

/* Begin PBXResourcesBuildPhase section */
		355ADD741D923B9E000CA259 /* Resources */ = {
			isa = PBXResourcesBuildPhase;
			buildActionMask = 2147483647;
			files = (
				355ADD841D923B9E000CA259 /* LaunchScreen.storyboard in Resources */,
				355ADD811D923B9E000CA259 /* Assets.xcassets in Resources */,
				355ADD7F1D923B9E000CA259 /* Main.storyboard in Resources */,
			);
			runOnlyForDeploymentPostprocessing = 0;
		};
/* End PBXResourcesBuildPhase section */

/* Begin PBXSourcesBuildPhase section */
		355ADD721D923B9E000CA259 /* Sources */ = {
			isa = PBXSourcesBuildPhase;
			buildActionMask = 2147483647;
			files = (
				355ADD7C1D923B9E000CA259 /* ViewController.swift in Sources */,
				355ADD7A1D923B9E000CA259 /* AppDelegate.swift in Sources */,
				355ADD901D924342000CA259 /* TestViewController.swift in Sources */,
				355ADD8D1D923C14000CA259 /* TimeCountDownManager.swift in Sources */,
			);
			runOnlyForDeploymentPostprocessing = 0;
		};
/* End PBXSourcesBuildPhase section */

/* Begin PBXVariantGroup section */
		355ADD7D1D923B9E000CA259 /* Main.storyboard */ = {
			isa = PBXVariantGroup;
			children = (
				355ADD7E1D923B9E000CA259 /* Base */,
			);
			name = Main.storyboard;
			sourceTree = "<group>";
		};
		355ADD821D923B9E000CA259 /* LaunchScreen.storyboard */ = {
			isa = PBXVariantGroup;
			children = (
				355ADD831D923B9E000CA259 /* Base */,
			);
			name = LaunchScreen.storyboard;
			sourceTree = "<group>";
		};
/* End PBXVariantGroup section */

/* Begin XCBuildConfiguration section */
		355ADD861D923B9E000CA259 /* Debug */ = {
			isa = XCBuildConfiguration;
			buildSettings = {
				ALWAYS_SEARCH_USER_PATHS = NO;
				CLANG_ANALYZER_NONNULL = YES;
				CLANG_CXX_LANGUAGE_STANDARD = "gnu++0x";
				CLANG_CXX_LIBRARY = "libc++";
				CLANG_ENABLE_MODULES = YES;
				CLANG_ENABLE_OBJC_ARC = YES;
				CLANG_WARN_BOOL_CONVERSION = YES;
				CLANG_WARN_CONSTANT_CONVERSION = YES;
				CLANG_WARN_DIRECT_OBJC_ISA_USAGE = YES_ERROR;
				CLANG_WARN_EMPTY_BODY = YES;
				CLANG_WARN_ENUM_CONVERSION = YES;
				CLANG_WARN_INT_CONVERSION = YES;
				CLANG_WARN_OBJC_ROOT_CLASS = YES_ERROR;
				CLANG_WARN_UNREACHABLE_CODE = YES;
				CLANG_WARN__DUPLICATE_METHOD_MATCH = YES;
				"CODE_SIGN_IDENTITY[sdk=iphoneos*]" = "iPhone Developer";
				COPY_PHASE_STRIP = NO;
				DEBUG_INFORMATION_FORMAT = dwarf;
				ENABLE_STRICT_OBJC_MSGSEND = YES;
				ENABLE_TESTABILITY = YES;
				GCC_C_LANGUAGE_STANDARD = gnu99;
				GCC_DYNAMIC_NO_PIC = NO;
				GCC_NO_COMMON_BLOCKS = YES;
				GCC_OPTIMIZATION_LEVEL = 0;
				GCC_PREPROCESSOR_DEFINITIONS = (
					"DEBUG=1",
					"$(inherited)",
				);
				GCC_WARN_64_TO_32_BIT_CONVERSION = YES;
				GCC_WARN_ABOUT_RETURN_TYPE = YES_ERROR;
				GCC_WARN_UNDECLARED_SELECTOR = YES;
				GCC_WARN_UNINITIALIZED_AUTOS = YES_AGGRESSIVE;
				GCC_WARN_UNUSED_FUNCTION = YES;
				GCC_WARN_UNUSED_VARIABLE = YES;
				IPHONEOS_DEPLOYMENT_TARGET = 9.3;
				MTL_ENABLE_DEBUG_INFO = YES;
				ONLY_ACTIVE_ARCH = YES;
				SDKROOT = iphoneos;
				SWIFT_OPTIMIZATION_LEVEL = "-Onone";
				TARGETED_DEVICE_FAMILY = "1,2";
			};
			name = Debug;
		};
		355ADD871D923B9E000CA259 /* Release */ = {
			isa = XCBuildConfiguration;
			buildSettings = {
				ALWAYS_SEARCH_USER_PATHS = NO;
				CLANG_ANALYZER_NONNULL = YES;
				CLANG_CXX_LANGUAGE_STANDARD = "gnu++0x";
				CLANG_CXX_LIBRARY = "libc++";
				CLANG_ENABLE_MODULES = YES;
				CLANG_ENABLE_OBJC_ARC = YES;
				CLANG_WARN_BOOL_CONVERSION = YES;
				CLANG_WARN_CONSTANT_CONVERSION = YES;
				CLANG_WARN_DIRECT_OBJC_ISA_USAGE = YES_ERROR;
				CLANG_WARN_EMPTY_BODY = YES;
				CLANG_WARN_ENUM_CONVERSION = YES;
				CLANG_WARN_INT_CONVERSION = YES;
				CLANG_WARN_OBJC_ROOT_CLASS = YES_ERROR;
				CLANG_WARN_UNREACHABLE_CODE = YES;
				CLANG_WARN__DUPLICATE_METHOD_MATCH = YES;
				"CODE_SIGN_IDENTITY[sdk=iphoneos*]" = "iPhone Developer";
				COPY_PHASE_STRIP = NO;
				DEBUG_INFORMATION_FORMAT = "dwarf-with-dsym";
				ENABLE_NS_ASSERTIONS = NO;
				ENABLE_STRICT_OBJC_MSGSEND = YES;
				GCC_C_LANGUAGE_STANDARD = gnu99;
				GCC_NO_COMMON_BLOCKS = YES;
				GCC_WARN_64_TO_32_BIT_CONVERSION = YES;
				GCC_WARN_ABOUT_RETURN_TYPE = YES_ERROR;
				GCC_WARN_UNDECLARED_SELECTOR = YES;
				GCC_WARN_UNINITIALIZED_AUTOS = YES_AGGRESSIVE;
				GCC_WARN_UNUSED_FUNCTION = YES;
				GCC_WARN_UNUSED_VARIABLE = YES;
				IPHONEOS_DEPLOYMENT_TARGET = 9.3;
				MTL_ENABLE_DEBUG_INFO = NO;
				SDKROOT = iphoneos;
				TARGETED_DEVICE_FAMILY = "1,2";
				VALIDATE_PRODUCT = YES;
			};
			name = Release;
		};
		355ADD891D923B9E000CA259 /* Debug */ = {
			isa = XCBuildConfiguration;
			buildSettings = {
				ASSETCATALOG_COMPILER_APPICON_NAME = AppIcon;
				CODE_SIGN_IDENTITY = "iPhone Developer";
				"CODE_SIGN_IDENTITY[sdk=iphoneos*]" = "iPhone Developer";
				INFOPLIST_FILE = TImeCountingDown/Info.plist;
				LD_RUNPATH_SEARCH_PATHS = "$(inherited) @executable_path/Frameworks";
				PRODUCT_BUNDLE_IDENTIFIER = XcRomance.TImeCountingDown;
				PRODUCT_NAME = "$(TARGET_NAME)";
				PROVISIONING_PROFILE = "";
			};
			name = Debug;
		};
		355ADD8A1D923B9E000CA259 /* Release */ = {
			isa = XCBuildConfiguration;
			buildSettings = {
				ASSETCATALOG_COMPILER_APPICON_NAME = AppIcon;
				CODE_SIGN_IDENTITY = "iPhone Developer";
				"CODE_SIGN_IDENTITY[sdk=iphoneos*]" = "iPhone Developer";
				INFOPLIST_FILE = TImeCountingDown/Info.plist;
				LD_RUNPATH_SEARCH_PATHS = "$(inherited) @executable_path/Frameworks";
				PRODUCT_BUNDLE_IDENTIFIER = XcRomance.TImeCountingDown;
				PRODUCT_NAME = "$(TARGET_NAME)";
				PROVISIONING_PROFILE = "";
			};
			name = Release;
		};
/* End XCBuildConfiguration section */

/* Begin XCConfigurationList section */
		355ADD711D923B9E000CA259 /* Build configuration list for PBXProject "TImeCountingDown" */ = {
			isa = XCConfigurationList;
			buildConfigurations = (
				355ADD861D923B9E000CA259 /* Debug */,
				355ADD871D923B9E000CA259 /* Release */,
			);
			defaultConfigurationIsVisible = 0;
			defaultConfigurationName = Release;
		};
		355ADD881D923B9E000CA259 /* Build configuration list for PBXNativeTarget "TImeCountingDown" */ = {
			isa = XCConfigurationList;
			buildConfigurations = (
				355ADD891D923B9E000CA259 /* Debug */,
				355ADD8A1D923B9E000CA259 /* Release */,
			);
			defaultConfigurationIsVisible = 0;
		};
/* End XCConfigurationList section */
	};
	rootObject = 355ADD6E1D923B9E000CA259 /* Project object */;
}
